
Microsoft Visual Studio Solution File, Format Version 12.00
# Visual Studio Version 16
VisualStudioVersion = 16.0.29230.47
MinimumVisualStudioVersion = 10.0.40219.1
Project("{FAE04EC0-301F-11D3-BF4B-00C04F79EFBC}") = "AngularWebAPISample", "AngularWebAPISample.csproj", "{B3836E25-23A9-4985-96EF-D3BF448D5856}"
EndProject
Global
	GlobalSection(SolutionConfigurationPlatforms) = preSolution
		Debug|Any CPU = Debug|Any CPU
		Release|Any CPU = Release|Any CPU
	EndGlobalSection
	GlobalSection(ProjectConfigurationPlatforms) = postSolution
		{B3836E25-23A9-4985-96EF-D3BF448D5856}.Debug|Any CPU.ActiveCfg = Debug|Any CPU
		{B3836E25-23A9-4985-96EF-D3BF448D5856}.Debug|Any CPU.Build.0 = Debug|Any CPU
		{B3836E25-23A9-4985-96EF-D3BF448D5856}.Release|Any CPU.ActiveCfg = Release|Any CPU
		{B3836E25-23A9-4985-96EF-D3BF448D5856}.Release|Any CPU.Build.0 = Release|Any CPU
	EndGlobalSection
	GlobalSection(SolutionProperties) = preSolution
		HideSolutionNode = FALSE
	EndGlobalSection
	GlobalSection(ExtensibilityGlobals) = postSolution
		SolutionGuid = {7E4B9E2E-A32F-4625-834A-A777A6ABD527}
	EndGlobalSection
EndGlobal
